github.com/go-amwk/core v0.0.1 h1:I8UOBzfOaN+6P6SYWwXqznslpELPXgKEruaPDpUyHNo=
github.com/go-amwk/core v0.0.1/go.mod h1:zOhJQ/5aTH87NY2vphPdJXHY8enN8gDKSWIicvY4Kns=
github.com/go-amwk/engine v0.0.0-20260306050343-17d12233d81f h1:88G7WxbbVO5o8ehr81/mO3jH2h9PDerSS+EutFeiYTA=
github.com/go-amwk/engine v0.0.0-20260306050343-17d12233d81f/go.mod h1:5vKVTCH5lVg37s4acNzZUsNKwI7xgQx8LGwbidA9nek=
github.com/go-amwk/web v0.0.0-20260310021957-0fbe8e8bda53 h1:V3+bqaaforh9xDFQMrSO3LdaQPbGfwRvngURcqF3q+E=
github.com/go-amwk/web v0.0.0-20260310021957-0fbe8e8bda53/go.mod h1:ZZxUUKVtTGWoF/UzYsTd3JaPguMg7glcuDLiYufQFC0=
